{
  "name": "wot-thing-description",
  "version": "0.0.0",
  "lockfileVersion": 1,
  "requires": true,
  "dependencies": {
    "node-fetch": {
      "version": "2.1.2",
      "resolved": "http://registry.npmjs.org/node-fetch/-/node-fetch-2.1.2.tgz",
      "integrity": "sha1-q4hOjn5X44qUR1POxwb3iNF2i7U="
    },
    "sparqljs": {
      "version": "2.0.3",
      "resolved": "https://registry.npmjs.org/sparqljs/-/sparqljs-2.0.3.tgz",
      "integrity": "sha512-9yPTIimoTBMg8/zMnNG7Lh7iw3IoF4RmBdmPoXNLS6WStb3CtwbGoyB3PhHMXH8Sr/AcFd1nRX+zSgRQmEU2gA=="
    },
    "sttl": {
      "version": "github:vcharpenay/STTL.js#a3c63d2bb0ceadfb7e070fac10c593fa396a9523",
      "requires": {
        "node-fetch": "2.1.2",
        "sparqljs": "2.0.3"
      }
    }
  }
}
